
Microsoft Visual Studio Solution File, Format Version 12.00
# Visual Studio Version 16
VisualStudioVersion = 16.0.31624.102
MinimumVisualStudioVersion = 10.0.40219.1
Project("{9A19103F-16F7-4668-BE54-9A1E7A4F7556}") = "LoveMaker", "LoveMaker.csproj", "{8B9E16A0-3B3B-45F6-AED7-E2AD57023AF9}"
	ProjectSection(ProjectDependencies) = postProject
		{3A36D1B0-F8F0-48B1-BCA6-7AF5F7491DBC} = {3A36D1B0-F8F0-48B1-BCA6-7AF5F7491DBC}
	EndProjectSection
EndProject
Project("{FAE04EC0-301F-11D3-BF4B-00C04F79EFBC}") = "MTLibrary", "..\MTLibrary\MTLibrary.csproj", "{3A36D1B0-F8F0-48B1-BCA6-7AF5F7491DBC}"
EndProject
Global
	GlobalSection(SolutionConfigurationPlatforms) = preSolution
		Debug|Any CPU = Debug|Any CPU
		Release|Any CPU = Release|Any CPU
	EndGlobalSection
	GlobalSection(ProjectConfigurationPlatforms) = postSolution
		{8B9E16A0-3B3B-45F6-AED7-E2AD57023AF9}.Debug|Any CPU.ActiveCfg = Debug|Any CPU
		{8B9E16A0-3B3B-45F6-AED7-E2AD57023AF9}.Debug|Any CPU.Build.0 = Debug|Any CPU
		{8B9E16A0-3B3B-45F6-AED7-E2AD57023AF9}.Release|Any CPU.ActiveCfg = Release|Any CPU
		{8B9E16A0-3B3B-45F6-AED7-E2AD57023AF9}.Release|Any CPU.Build.0 = Release|Any CPU
		{3A36D1B0-F8F0-48B1-BCA6-7AF5F7491DBC}.Debug|Any CPU.ActiveCfg = Debug|Any CPU
		{3A36D1B0-F8F0-48B1-BCA6-7AF5F7491DBC}.Debug|Any CPU.Build.0 = Debug|Any CPU
		{3A36D1B0-F8F0-48B1-BCA6-7AF5F7491DBC}.Release|Any CPU.ActiveCfg = Release|Any CPU
		{3A36D1B0-F8F0-48B1-BCA6-7AF5F7491DBC}.Release|Any CPU.Build.0 = Release|Any CPU
	EndGlobalSection
	GlobalSection(SolutionProperties) = preSolution
		HideSolutionNode = FALSE
	EndGlobalSection
	GlobalSection(ExtensibilityGlobals) = postSolution
		SolutionGuid = {C7A42AB4-6CC8-4CB6-B0E5-183ECBF11281}
	EndGlobalSection
EndGlobal
